
Microsoft Visual Studio Solution File, Format Version 11.00
# Visual Studio 2010
Project("{FAE04EC0-301F-11D3-BF4B-00C04F79EFBC}") = "WebApplication7", "WebApplication7\WebApplication7.csproj", "{855B4EDA-CC14-42F6-BFA2-C644B60007A2}"
EndProject
Project("{2150E333-8FDC-42A3-9474-1A3956D46DE8}") = "NewFolder1", "NewFolder1", "{F20E7184-7F55-472E-953F-F9F7AFE08DDE}"
EndProject
Global
	GlobalSection(SolutionConfigurationPlatforms) = preSolution
		Debug|Any CPU = Debug|Any CPU
		Release|Any CPU = Release|Any CPU
	EndGlobalSection
	GlobalSection(ProjectConfigurationPlatforms) = postSolution
		{855B4EDA-CC14-42F6-BFA2-C644B60007A2}.Debug|Any CPU.ActiveCfg = Debug|Any CPU
		{855B4EDA-CC14-42F6-BFA2-C644B60007A2}.Debug|Any CPU.Build.0 = Debug|Any CPU
		{855B4EDA-CC14-42F6-BFA2-C644B60007A2}.Release|Any CPU.ActiveCfg = Release|Any CPU
		{855B4EDA-CC14-42F6-BFA2-C644B60007A2}.Release|Any CPU.Build.0 = Release|Any CPU
	EndGlobalSection
	GlobalSection(SolutionProperties) = preSolution
		HideSolutionNode = FALSE
	EndGlobalSection
EndGlobal
